
Microsoft Visual Studio Solution File, Format Version 12.00
# Visual Studio Version 17
VisualStudioVersion = 17.11.35208.52
MinimumVisualStudioVersion = 10.0.40219.1
Project("{9A19103F-16F7-4668-BE54-9A1E7A4F7556}") = "FaustWeb", "FaustWeb\FaustWeb.csproj", "{777BE292-8B2D-4D7C-BCF7-8E648F115A3C}"
EndProject
Project("{FAE04EC0-301F-11D3-BF4B-00C04F79EFBC}") = "FaustWeb.Domain", "FaustWeb.Domain\FaustWeb.Domain.csproj", "{00CA27B8-7EC5-4F55-9423-E57FE1AA273D}"
EndProject
Project("{FAE04EC0-301F-11D3-BF4B-00C04F79EFBC}") = "FaustWeb.Infrastructure", "FaustWeb.Infrastructure\FaustWeb.Infrastructure.csproj", "{CFE3F2D6-40C3-494F-BE56-5400DA9D2721}"
EndProject
Project("{FAE04EC0-301F-11D3-BF4B-00C04F79EFBC}") = "FaustWeb.Application", "FaustWeb.Application\FaustWeb.Application.csproj", "{A68675AB-2517-4585-9D3A-DBDE84EF8E67}"
EndProject
Project("{2150E333-8FDC-42A3-9474-1A3956D46DE8}") = "Solution Items", "Solution Items", "{C06C6D07-8755-4D06-93B0-47122185DE81}"
	ProjectSection(SolutionItems) = preProject
		.editorconfig = .editorconfig
	EndProjectSection
EndProject
Global
	GlobalSection(SolutionConfigurationPlatforms) = preSolution
		Debug|Any CPU = Debug|Any CPU
		Release|Any CPU = Release|Any CPU
	EndGlobalSection
	GlobalSection(ProjectConfigurationPlatforms) = postSolution
		{777BE292-8B2D-4D7C-BCF7-8E648F115A3C}.Debug|Any CPU.ActiveCfg = Debug|Any CPU
		{777BE292-8B2D-4D7C-BCF7-8E648F115A3C}.Debug|Any CPU.Build.0 = Debug|Any CPU
		{777BE292-8B2D-4D7C-BCF7-8E648F115A3C}.Release|Any CPU.ActiveCfg = Release|Any CPU
		{777BE292-8B2D-4D7C-BCF7-8E648F115A3C}.Release|Any CPU.Build.0 = Release|Any CPU
		{00CA27B8-7EC5-4F55-9423-E57FE1AA273D}.Debug|Any CPU.ActiveCfg = Debug|Any CPU
		{00CA27B8-7EC5-4F55-9423-E57FE1AA273D}.Debug|Any CPU.Build.0 = Debug|Any CPU
		{00CA27B8-7EC5-4F55-9423-E57FE1AA273D}.Release|Any CPU.ActiveCfg = Release|Any CPU
		{00CA27B8-7EC5-4F55-9423-E57FE1AA273D}.Release|Any CPU.Build.0 = Release|Any CPU
		{CFE3F2D6-40C3-494F-BE56-5400DA9D2721}.Debug|Any CPU.ActiveCfg = Debug|Any CPU
		{CFE3F2D6-40C3-494F-BE56-5400DA9D2721}.Debug|Any CPU.Build.0 = Debug|Any CPU
		{CFE3F2D6-40C3-494F-BE56-5400DA9D2721}.Release|Any CPU.ActiveCfg = Release|Any CPU
		{CFE3F2D6-40C3-494F-BE56-5400DA9D2721}.Release|Any CPU.Build.0 = Release|Any CPU
		{A68675AB-2517-4585-9D3A-DBDE84EF8E67}.Debug|Any CPU.ActiveCfg = Debug|Any CPU
		{A68675AB-2517-4585-9D3A-DBDE84EF8E67}.Debug|Any CPU.Build.0 = Debug|Any CPU
		{A68675AB-2517-4585-9D3A-DBDE84EF8E67}.Release|Any CPU.ActiveCfg = Release|Any CPU
		{A68675AB-2517-4585-9D3A-DBDE84EF8E67}.Release|Any CPU.Build.0 = Release|Any CPU
	EndGlobalSection
	GlobalSection(SolutionProperties) = preSolution
		HideSolutionNode = FALSE
	EndGlobalSection
	GlobalSection(ExtensibilityGlobals) = postSolution
		SolutionGuid = {A98E0EFA-1326-47AA-A493-05608EE08D37}
	EndGlobalSection
EndGlobal
